
Microsoft Visual Studio Solution File, Format Version 12.00
# Visual Studio Version 17
VisualStudioVersion = 17.4.33213.308
MinimumVisualStudioVersion = 10.0.40219.1
Project("{FAE04EC0-301F-11D3-BF4B-00C04F79EFBC}") = "BuildGenerator", "BuildGenerator.csproj", "{00063863-A2F8-4C71-BB7F-CBC5ED1DDEE1}"
EndProject
Global
	GlobalSection(SolutionConfigurationPlatforms) = preSolution
		Debug|Any CPU = Debug|Any CPU
		Release|Any CPU = Release|Any CPU
	EndGlobalSection
	GlobalSection(ProjectConfigurationPlatforms) = postSolution
		{00063863-A2F8-4C71-BB7F-CBC5ED1DDEE1}.Debug|Any CPU.ActiveCfg = Debug|Any CPU
		{00063863-A2F8-4C71-BB7F-CBC5ED1DDEE1}.Debug|Any CPU.Build.0 = Debug|Any CPU
		{00063863-A2F8-4C71-BB7F-CBC5ED1DDEE1}.Release|Any CPU.ActiveCfg = Release|Any CPU
		{00063863-A2F8-4C71-BB7F-CBC5ED1DDEE1}.Release|Any CPU.Build.0 = Release|Any CPU
	EndGlobalSection
	GlobalSection(SolutionProperties) = preSolution
		HideSolutionNode = FALSE
	EndGlobalSection
	GlobalSection(ExtensibilityGlobals) = postSolution
		SolutionGuid = {9C3BEFEA-5FD8-411D-817A-314F1C76D0A1}
	EndGlobalSection
EndGlobal
